{
  "name": "node_temp",
  "lockfileVersion": 3,
  "requires": true,
  "packages": {
    "": {
      "dependencies": {
        "koffi": "^2.10.1"
      }
    },
    "node_modules/koffi": {
      "version": "2.10.1",
      "resolved": "https://registry.npmjs.org/koffi/-/koffi-2.10.1.tgz",
      "integrity": "sha512-MjsM1/Xi/p4bjl8hThZ35QpuuWu4MurSDBu+diepnqGMNlUOx/m/hisaw25kr7y4g2GG24TLEOCQgHK3BZvfPg==",
      "hasInstallScript": true,
      "license": "MIT"
    }
  }
}
